// !$*UTF8*$!
{
	archiveVersion = 1;
	classes = {
	};
	objectVersion = 46;
	objects = {

/* Begin PBXBuildFile section */
		580B67F11AC4064200251493 /* main.m in Sources */ = {isa = PBXBuildFile; fileRef = 580B67F01AC4064200251493 /* main.m */; };
		580B67F41AC4064200251493 /* AppDelegate.m in Sources */ = {isa = PBXBuildFile; fileRef = 580B67F31AC4064200251493 /* AppDelegate.m */; };
		580B67F71AC4064200251493 /* ViewController.m in Sources */ = {isa = PBXBuildFile; fileRef = 580B67F61AC4064200251493 /* ViewController.m */; };
		580B67FA1AC4064200251493 /* Main.storyboard in Resources */ = {isa = PBXBuildFile; fileRef = 580B67F81AC4064200251493 /* Main.storyboard */; };
		580B67FC1AC4064200251493 /* Images.xcassets in Resources */ = {isa = PBXBuildFile; fileRef = 580B67FB1AC4064200251493 /* Images.xcassets */; };
		580B67FF1AC4064200251493 /* LaunchScreen.xib in Resources */ = {isa = PBXBuildFile; fileRef = 580B67FD1AC4064200251493 /* LaunchScreen.xib */; };
		580B680B1AC4064200251493 /* XML__Tests.m in Sources */ = {isa = PBXBuildFile; fileRef = 580B680A1AC4064200251493 /* XML__Tests.m */; };
		580B68171AC41E2200251493 /* Video.m in Sources */ = {isa = PBXBuildFile; fileRef = 580B68161AC41E2200251493 /* Video.m */; };
		580B681B1AC4279600251493 /* NSArray+Log.m in Sources */ = {isa = PBXBuildFile; fileRef = 580B681A1AC4279600251493 /* NSArray+Log.m */; };
/* End PBXBuildFile section */

/* Begin PBXContainerItemProxy section */
		580B68051AC4064200251493 /* PBXContainerItemProxy */ = {
			isa = PBXContainerItemProxy;
			containerPortal = 580B67E31AC4064100251493 /* Project object */;
			proxyType = 1;
			remoteGlobalIDString = 580B67EA1AC4064200251493;
			remoteInfo = "XML解析";
		};
/* End PBXContainerItemProxy section */

/* Begin PBXFileReference section */
		580B67EB1AC4064200251493 /* XML解析.app */ = {isa = PBXFileReference; explicitFileType = wrapper.application; includeInIndex = 0; path = "XML解析.app"; sourceTree = BUILT_PRODUCTS_DIR; };
		580B67EF1AC4064200251493 /* Info.plist */ = {isa = PBXFileReference; lastKnownFileType = text.plist.xml; path = Info.plist; sourceTree = "<group>"; };
		580B67F01AC4064200251493 /* main.m */ = {isa = PBXFileReference; lastKnownFileType = sourcecode.c.objc; path = main.m; sourceTree = "<group>"; };
		580B67F21AC4064200251493 /* AppDelegate.h */ = {isa = PBXFileReference; lastKnownFileType = sourcecode.c.h; path = AppDelegate.h; sourceTree = "<group>"; };
		580B67F31AC4064200251493 /* AppDelegate.m */ = {isa = PBXFileReference; lastKnownFileType = sourcecode.c.objc; path = AppDelegate.m; sourceTree = "<group>"; };
		580B67F51AC4064200251493 /* ViewController.h */ = {isa = PBXFileReference; lastKnownFileType = sourcecode.c.h; path = ViewController.h; sourceTree = "<group>"; };
		580B67F61AC4064200251493 /* ViewController.m */ = {isa = PBXFileReference; lastKnownFileType = sourcecode.c.objc; path = ViewController.m; sourceTree = "<group>"; };
		580B67F91AC4064200251493 /* Base */ = {isa = PBXFileReference; lastKnownFileType = file.storyboard; name = Base; path = Base.lproj/Main.storyboard; sourceTree = "<group>"; };
		580B67FB1AC4064200251493 /* Images.xcassets */ = {isa = PBXFileReference; lastKnownFileType = folder.assetcatalog; path = Images.xcassets; sourceTree = "<group>"; };
		580B67FE1AC4064200251493 /* Base */ = {isa = PBXFileReference; lastKnownFileType = file.xib; name = Base; path = Base.lproj/LaunchScreen.xib; sourceTree = "<group>"; };
		580B68041AC4064200251493 /* XML解析Tests.xctest */ = {isa = PBXFileReference; explicitFileType = wrapper.cfbundle; includeInIndex = 0; path = "XML解析Tests.xctest"; sourceTree = BUILT_PRODUCTS_DIR; };
		580B68091AC4064200251493 /* Info.plist */ = {isa = PBXFileReference; lastKnownFileType = text.plist.xml; path = Info.plist; sourceTree = "<group>"; };
		580B680A1AC4064200251493 /* XML__Tests.m */ = {isa = PBXFileReference; lastKnownFileType = sourcecode.c.objc; path = XML__Tests.m; sourceTree = "<group>"; };
		580B68151AC41E2200251493 /* Video.h */ = {isa = PBXFileReference; fileEncoding = 4; lastKnownFileType = sourcecode.c.h; path = Video.h; sourceTree = "<group>"; };
		580B68161AC41E2200251493 /* Video.m */ = {isa = PBXFileReference; fileEncoding = 4; lastKnownFileType = sourcecode.c.objc; path = Video.m; sourceTree = "<group>"; };
		580B68191AC4279600251493 /* NSArray+Log.h */ = {isa = PBXFileReference; fileEncoding = 4; lastKnownFileType = sourcecode.c.h; path = "NSArray+Log.h"; sourceTree = "<group>"; };
		580B681A1AC4279600251493 /* NSArray+Log.m */ = {isa = PBXFileReference; fileEncoding = 4; lastKnownFileType = sourcecode.c.objc; path = "NSArray+Log.m"; sourceTree = "<group>"; };
/* End PBXFileReference section */

/* Begin PBXFrameworksBuildPhase section */
		580B67E81AC4064200251493 /* Frameworks */ = {
			isa = PBXFrameworksBuildPhase;
			buildActionMask = 2147483647;
			files = (
			);
			runOnlyForDeploymentPostprocessing = 0;
		};
		580B68011AC4064200251493 /* Frameworks */ = {
			isa = PBXFrameworksBuildPhase;
			buildActionMask = 2147483647;
			files = (
			);
			runOnlyForDeploymentPostprocessing = 0;
		};
/* End PBXFrameworksBuildPhase section */

/* Begin PBXGroup section */
		580B67E21AC4064100251493 = {
			isa = PBXGroup;
			children = (
				580B67ED1AC4064200251493 /* XML解析 */,
				580B68071AC4064200251493 /* XML解析Tests */,
				580B67EC1AC4064200251493 /* Products */,
			);
			sourceTree = "<group>";
		};
		580B67EC1AC4064200251493 /* Products */ = {
			isa = PBXGroup;
			children = (
				580B67EB1AC4064200251493 /* XML解析.app */,
				580B68041AC4064200251493 /* XML解析Tests.xctest */,
			);
			name = Products;
			sourceTree = "<group>";
		};
		580B67ED1AC4064200251493 /* XML解析 */ = {
			isa = PBXGroup;
			children = (
				580B68181AC4279600251493 /* Log */,
				580B68141AC41E2200251493 /* Model */,
				580B67F21AC4064200251493 /* AppDelegate.h */,
				580B67F31AC4064200251493 /* AppDelegate.m */,
				580B67F51AC4064200251493 /* ViewController.h */,
				580B67F61AC4064200251493 /* ViewController.m */,
				580B67F81AC4064200251493 /* Main.storyboard */,
				580B67FB1AC4064200251493 /* Images.xcassets */,
				580B67FD1AC4064200251493 /* LaunchScreen.xib */,
				580B67EE1AC4064200251493 /* Supporting Files */,
			);
			path = "XML解析";
			sourceTree = "<group>";
		};
		580B67EE1AC4064200251493 /* Supporting Files */ = {
			isa = PBXGroup;
			children = (
				580B67EF1AC4064200251493 /* Info.plist */,
				580B67F01AC4064200251493 /* main.m */,
			);
			name = "Supporting Files";
			sourceTree = "<group>";
		};
		580B68071AC4064200251493 /* XML解析Tests */ = {
			isa = PBXGroup;
			children = (
				580B680A1AC4064200251493 /* XML__Tests.m */,
				580B68081AC4064200251493 /* Supporting Files */,
			);
			path = "XML解析Tests";
			sourceTree = "<group>";
		};
		580B68081AC4064200251493 /* Supporting Files */ = {
			isa = PBXGroup;
			children = (
				580B68091AC4064200251493 /* Info.plist */,
			);
			name = "Supporting Files";
			sourceTree = "<group>";
		};
		580B68141AC41E2200251493 /* Model */ = {
			isa = PBXGroup;
			children = (
				580B68151AC41E2200251493 /* Video.h */,
				580B68161AC41E2200251493 /* Video.m */,
			);
			path = Model;
			sourceTree = "<group>";
		};
		580B68181AC4279600251493 /* Log */ = {
			isa = PBXGroup;
			children = (
				580B68191AC4279600251493 /* NSArray+Log.h */,
				580B681A1AC4279600251493 /* NSArray+Log.m */,
			);
			path = Log;
			sourceTree = "<group>";
		};
/* End PBXGroup section */

/* Begin PBXNativeTarget section */
		580B67EA1AC4064200251493 /* XML解析 */ = {
			isa = PBXNativeTarget;
			buildConfigurationList = 580B680E1AC4064200251493 /* Build configuration list for PBXNativeTarget "XML解析" */;
			buildPhases = (
				580B67E71AC4064200251493 /* Sources */,
				580B67E81AC4064200251493 /* Frameworks */,
				580B67E91AC4064200251493 /* Resources */,
			);
			buildRules = (
			);
			dependencies = (
			);
			name = "XML解析";
			productName = "XML解析";
			productReference = 580B67EB1AC4064200251493 /* XML解析.app */;
			productType = "com.apple.product-type.application";
		};
		580B68031AC4064200251493 /* XML解析Tests */ = {
			isa = PBXNativeTarget;
			buildConfigurationList = 580B68111AC4064200251493 /* Build configuration list for PBXNativeTarget "XML解析Tests" */;
			buildPhases = (
				580B68001AC4064200251493 /* Sources */,
				580B68011AC4064200251493 /* Frameworks */,
				580B68021AC4064200251493 /* Resources */,
			);
			buildRules = (
			);
			dependencies = (
				580B68061AC4064200251493 /* PBXTargetDependency */,
			);
			name = "XML解析Tests";
			productName = "XML解析Tests";
			productReference = 580B68041AC4064200251493 /* XML解析Tests.xctest */;
			productType = "com.apple.product-type.bundle.unit-test";
		};
/* End PBXNativeTarget section */

/* Begin PBXProject section */
		580B67E31AC4064100251493 /* Project object */ = {
			isa = PBXProject;
			attributes = {
				LastUpgradeCheck = 0620;
				ORGANIZATIONNAME = yc;
				TargetAttributes = {
					580B67EA1AC4064200251493 = {
						CreatedOnToolsVersion = 6.2;
					};
					580B68031AC4064200251493 = {
						CreatedOnToolsVersion = 6.2;
						TestTargetID = 580B67EA1AC4064200251493;
					};
				};
			};
			buildConfigurationList = 580B67E61AC4064100251493 /* Build configuration list for PBXProject "XML解析" */;
			compatibilityVersion = "Xcode 3.2";
			developmentRegion = English;
			hasScannedForEncodings = 0;
			knownRegions = (
				en,
				Base,
			);
			mainGroup = 580B67E21AC4064100251493;
			productRefGroup = 580B67EC1AC4064200251493 /* Products */;
			projectDirPath = "";
			projectRoot = "";
			targets = (
				580B67EA1AC4064200251493 /* XML解析 */,
				580B68031AC4064200251493 /* XML解析Tests */,
			);
		};
/* End PBXProject section */

/* Begin PBXResourcesBuildPhase section */
		580B67E91AC4064200251493 /* Resources */ = {
			isa = PBXResourcesBuildPhase;
			buildActionMask = 2147483647;
			files = (
				580B67FA1AC4064200251493 /* Main.storyboard in Resources */,
				580B67FF1AC4064200251493 /* LaunchScreen.xib in Resources */,
				580B67FC1AC4064200251493 /* Images.xcassets in Resources */,
			);
			runOnlyForDeploymentPostprocessing = 0;
		};
		580B68021AC4064200251493 /* Resources */ = {
			isa = PBXResourcesBuildPhase;
			buildActionMask = 2147483647;
			files = (
			);
			runOnlyForDeploymentPostprocessing = 0;
		};
/* End PBXResourcesBuildPhase section */

/* Begin PBXSourcesBuildPhase section */
		580B67E71AC4064200251493 /* Sources */ = {
			isa = PBXSourcesBuildPhase;
			buildActionMask = 2147483647;
			files = (
				580B681B1AC4279600251493 /* NSArray+Log.m in Sources */,
				580B67F71AC4064200251493 /* ViewController.m in Sources */,
				580B68171AC41E2200251493 /* Video.m in Sources */,
				580B67F41AC4064200251493 /* AppDelegate.m in Sources */,
				580B67F11AC4064200251493 /* main.m in Sources */,
			);
			runOnlyForDeploymentPostprocessing = 0;
		};
		580B68001AC4064200251493 /* Sources */ = {
			isa = PBXSourcesBuildPhase;
			buildActionMask = 2147483647;
			files = (
				580B680B1AC4064200251493 /* XML__Tests.m in Sources */,
			);
			runOnlyForDeploymentPostprocessing = 0;
		};
/* End PBXSourcesBuildPhase section */

/* Begin PBXTargetDependency section */
		580B68061AC4064200251493 /* PBXTargetDependency */ = {
			isa = PBXTargetDependency;
			target = 580B67EA1AC4064200251493 /* XML解析 */;
			targetProxy = 580B68051AC4064200251493 /* PBXContainerItemProxy */;
		};
/* End PBXTargetDependency section */

/* Begin PBXVariantGroup section */
		580B67F81AC4064200251493 /* Main.storyboard */ = {
			isa = PBXVariantGroup;
			children = (
				580B67F91AC4064200251493 /* Base */,
			);
			name = Main.storyboard;
			sourceTree = "<group>";
		};
		580B67FD1AC4064200251493 /* LaunchScreen.xib */ = {
			isa = PBXVariantGroup;
			children = (
				580B67FE1AC4064200251493 /* Base */,
			);
			name = LaunchScreen.xib;
			sourceTree = "<group>";
		};
/* End PBXVariantGroup section */

/* Begin XCBuildConfiguration section */
		580B680C1AC4064200251493 /* Debug */ = {
			isa = XCBuildConfiguration;
			buildSettings = {
				ALWAYS_SEARCH_USER_PATHS = NO;
				CLANG_CXX_LANGUAGE_STANDARD = "gnu++0x";
				CLANG_CXX_LIBRARY = "libc++";
				CLANG_ENABLE_MODULES = YES;
				CLANG_ENABLE_OBJC_ARC = YES;
				CLANG_WARN_BOOL_CONVERSION = YES;
				CLANG_WARN_CONSTANT_CONVERSION = YES;
				CLANG_WARN_DIRECT_OBJC_ISA_USAGE = YES_ERROR;
				CLANG_WARN_EMPTY_BODY = YES;
				CLANG_WARN_ENUM_CONVERSION = YES;
				CLANG_WARN_INT_CONVERSION = YES;
				CLANG_WARN_OBJC_ROOT_CLASS = YES_ERROR;
				CLANG_WARN_UNREACHABLE_CODE = YES;
				CLANG_WARN__DUPLICATE_METHOD_MATCH = YES;
				"CODE_SIGN_IDENTITY[sdk=iphoneos*]" = "iPhone Developer";
				COPY_PHASE_STRIP = NO;
				ENABLE_STRICT_OBJC_MSGSEND = YES;
				GCC_C_LANGUAGE_STANDARD = gnu99;
				GCC_DYNAMIC_NO_PIC = NO;
				GCC_OPTIMIZATION_LEVEL = 0;
				GCC_PREPROCESSOR_DEFINITIONS = (
					"DEBUG=1",
					"$(inherited)",
				);
				GCC_SYMBOLS_PRIVATE_EXTERN = NO;
				GCC_WARN_64_TO_32_BIT_CONVERSION = YES;
				GCC_WARN_ABOUT_RETURN_TYPE = YES_ERROR;
				GCC_WARN_UNDECLARED_SELECTOR = YES;
				GCC_WARN_UNINITIALIZED_AUTOS = YES_AGGRESSIVE;
				GCC_WARN_UNUSED_FUNCTION = YES;
				GCC_WARN_UNUSED_VARIABLE = YES;
				IPHONEOS_DEPLOYMENT_TARGET = 8.2;
				MTL_ENABLE_DEBUG_INFO = YES;
				ONLY_ACTIVE_ARCH = YES;
				SDKROOT = iphoneos;
			};
			name = Debug;
		};
		580B680D1AC4064200251493 /* Release */ = {
			isa = XCBuildConfiguration;
			buildSettings = {
				ALWAYS_SEARCH_USER_PATHS = NO;
				CLANG_CXX_LANGUAGE_STANDARD = "gnu++0x";
				CLANG_CXX_LIBRARY = "libc++";
				CLANG_ENABLE_MODULES = YES;
				CLANG_ENABLE_OBJC_ARC = YES;
				CLANG_WARN_BOOL_CONVERSION = YES;
				CLANG_WARN_CONSTANT_CONVERSION = YES;
				CLANG_WARN_DIRECT_OBJC_ISA_USAGE = YES_ERROR;
				CLANG_WARN_EMPTY_BODY = YES;
				CLANG_WARN_ENUM_CONVERSION = YES;
				CLANG_WARN_INT_CONVERSION = YES;
				CLANG_WARN_OBJC_ROOT_CLASS = YES_ERROR;
				CLANG_WARN_UNREACHABLE_CODE = YES;
				CLANG_WARN__DUPLICATE_METHOD_MATCH = YES;
				"CODE_SIGN_IDENTITY[sdk=iphoneos*]" = "iPhone Developer";
				COPY_PHASE_STRIP = NO;
				ENABLE_NS_ASSERTIONS = NO;
				ENABLE_STRICT_OBJC_MSGSEND = YES;
				GCC_C_LANGUAGE_STANDARD = gnu99;
				GCC_WARN_64_TO_32_BIT_CONVERSION = YES;
				GCC_WARN_ABOUT_RETURN_TYPE = YES_ERROR;
				GCC_WARN_UNDECLARED_SELECTOR = YES;
				GCC_WARN_UNINITIALIZED_AUTOS = YES_AGGRESSIVE;
				GCC_WARN_UNUSED_FUNCTION = YES;
				GCC_WARN_UNUSED_VARIABLE = YES;
				IPHONEOS_DEPLOYMENT_TARGET = 8.2;
				MTL_ENABLE_DEBUG_INFO = NO;
				SDKROOT = iphoneos;
				VALIDATE_PRODUCT = YES;
			};
			name = Release;
		};
		580B680F1AC4064200251493 /* Debug */ = {
			isa = XCBuildConfiguration;
			buildSettings = {
				ASSETCATALOG_COMPILER_APPICON_NAME = AppIcon;
				INFOPLIST_FILE = "XML解析/Info.plist";
				LD_RUNPATH_SEARCH_PATHS = "$(inherited) @executable_path/Frameworks";
				PRODUCT_NAME = "$(TARGET_NAME)";
			};
			name = Debug;
		};
		580B68101AC4064200251493 /* Release */ = {
			isa = XCBuildConfiguration;
			buildSettings = {
				ASSETCATALOG_COMPILER_APPICON_NAME = AppIcon;
				INFOPLIST_FILE = "XML解析/Info.plist";
				LD_RUNPATH_SEARCH_PATHS = "$(inherited) @executable_path/Frameworks";
				PRODUCT_NAME = "$(TARGET_NAME)";
			};
			name = Release;
		};
		580B68121AC4064200251493 /* Debug */ = {
			isa = XCBuildConfiguration;
			buildSettings = {
				BUNDLE_LOADER = "$(TEST_HOST)";
				FRAMEWORK_SEARCH_PATHS = (
					"$(SDKROOT)/Developer/Library/Frameworks",
					"$(inherited)",
				);
				GCC_PREPROCESSOR_DEFINITIONS = (
					"DEBUG=1",
					"$(inherited)",
				);
				INFOPLIST_FILE = "XML解析Tests/Info.plist";
				LD_RUNPATH_SEARCH_PATHS = "$(inherited) @executable_path/Frameworks @loader_path/Frameworks";
				PRODUCT_NAME = "$(TARGET_NAME)";
				TEST_HOST = "$(BUILT_PRODUCTS_DIR)/XML解析.app/XML解析";
			};
			name = Debug;
		};
		580B68131AC4064200251493 /* Release */ = {
			isa = XCBuildConfiguration;
			buildSettings = {
				BUNDLE_LOADER = "$(TEST_HOST)";
				FRAMEWORK_SEARCH_PATHS = (
					"$(SDKROOT)/Developer/Library/Frameworks",
					"$(inherited)",
				);
				INFOPLIST_FILE = "XML解析Tests/Info.plist";
				LD_RUNPATH_SEARCH_PATHS = "$(inherited) @executable_path/Frameworks @loader_path/Frameworks";
				PRODUCT_NAME = "$(TARGET_NAME)";
				TEST_HOST = "$(BUILT_PRODUCTS_DIR)/XML解析.app/XML解析";
			};
			name = Release;
		};
/* End XCBuildConfiguration section */

/* Begin XCConfigurationList section */
		580B67E61AC4064100251493 /* Build configuration list for PBXProject "XML解析" */ = {
			isa = XCConfigurationList;
			buildConfigurations = (
				580B680C1AC4064200251493 /* Debug */,
				580B680D1AC4064200251493 /* Release */,
			);
			defaultConfigurationIsVisible = 0;
			defaultConfigurationName = Release;
		};
		580B680E1AC4064200251493 /* Build configuration list for PBXNativeTarget "XML解析" */ = {
			isa = XCConfigurationList;
			buildConfigurations = (
				580B680F1AC4064200251493 /* Debug */,
				580B68101AC4064200251493 /* Release */,
			);
			defaultConfigurationIsVisible = 0;
		};
		580B68111AC4064200251493 /* Build configuration list for PBXNativeTarget "XML解析Tests" */ = {
			isa = XCConfigurationList;
			buildConfigurations = (
				580B68121AC4064200251493 /* Debug */,
				580B68131AC4064200251493 /* Release */,
			);
			defaultConfigurationIsVisible = 0;
		};
/* End XCConfigurationList section */
	};
	rootObject = 580B67E31AC4064100251493 /* Project object */;
}
